
Microsoft Visual Studio Solution File, Format Version 12.00
# Visual Studio Version 17
VisualStudioVersion = 17.14.36121.58
MinimumVisualStudioVersion = 10.0.40219.1
Project("{FAE04EC0-301F-11D3-BF4B-00C04F79EFBC}") = "appCoreAPI", "appCoreAPI\appCoreAPI.csproj", "{8B3AA5E1-A678-4020-9622-9ACD0D382997}"
EndProject
Project("{FAE04EC0-301F-11D3-BF4B-00C04F79EFBC}") = "WebFront", "WebFront\WebFront.csproj", "{3CE3A702-BDBE-4A0C-9EB2-7E8FCA7C65C2}"
EndProject
Project("{FAE04EC0-301F-11D3-BF4B-00C04F79EFBC}") = "GrpcService1", "GrpcService1\GrpcService1.csproj", "{1990CD68-9581-48E9-BFB7-32982612D624}"
EndProject
Global
	GlobalSection(SolutionConfigurationPlatforms) = preSolution
		Debug|Any CPU = Debug|Any CPU
		Release|Any CPU = Release|Any CPU
	EndGlobalSection
	GlobalSection(ProjectConfigurationPlatforms) = postSolution
		{8B3AA5E1-A678-4020-9622-9ACD0D382997}.Debug|Any CPU.ActiveCfg = Debug|Any CPU
		{8B3AA5E1-A678-4020-9622-9ACD0D382997}.Debug|Any CPU.Build.0 = Debug|Any CPU
		{8B3AA5E1-A678-4020-9622-9ACD0D382997}.Release|Any CPU.ActiveCfg = Release|Any CPU
		{8B3AA5E1-A678-4020-9622-9ACD0D382997}.Release|Any CPU.Build.0 = Release|Any CPU
		{3CE3A702-BDBE-4A0C-9EB2-7E8FCA7C65C2}.Debug|Any CPU.ActiveCfg = Debug|Any CPU
		{3CE3A702-BDBE-4A0C-9EB2-7E8FCA7C65C2}.Debug|Any CPU.Build.0 = Debug|Any CPU
		{3CE3A702-BDBE-4A0C-9EB2-7E8FCA7C65C2}.Release|Any CPU.ActiveCfg = Release|Any CPU
		{3CE3A702-BDBE-4A0C-9EB2-7E8FCA7C65C2}.Release|Any CPU.Build.0 = Release|Any CPU
		{1990CD68-9581-48E9-BFB7-32982612D624}.Debug|Any CPU.ActiveCfg = Debug|Any CPU
		{1990CD68-9581-48E9-BFB7-32982612D624}.Debug|Any CPU.Build.0 = Debug|Any CPU
		{1990CD68-9581-48E9-BFB7-32982612D624}.Release|Any CPU.ActiveCfg = Release|Any CPU
		{1990CD68-9581-48E9-BFB7-32982612D624}.Release|Any CPU.Build.0 = Release|Any CPU
	EndGlobalSection
	GlobalSection(SolutionProperties) = preSolution
		HideSolutionNode = FALSE
	EndGlobalSection
	GlobalSection(ExtensibilityGlobals) = postSolution
		SolutionGuid = {2409BEB5-7AC6-4ECB-B054-2237E897A386}
	EndGlobalSection
EndGlobal
